// !$*UTF8*$!
{
	archiveVersion = 1;
	classes = {
	};
	objectVersion = 48;
	objects = {

/* Begin PBXBuildFile section */
		BFCB6C3A2082839C001EA00D /* AppDelegate.swift in Sources */ = {isa = PBXBuildFile; fileRef = BFCB6C392082839C001EA00D /* AppDelegate.swift */; };
		BFCB6C3C2082839C001EA00D /* ViewController.swift in Sources */ = {isa = PBXBuildFile; fileRef = BFCB6C3B2082839C001EA00D /* ViewController.swift */; };
		BFCB6C3F2082839C001EA00D /* Main.storyboard in Resources */ = {isa = PBXBuildFile; fileRef = BFCB6C3D2082839C001EA00D /* Main.storyboard */; };
		BFCB6C422082839C001EA00D /* FaceRecognition.xcdatamodeld in Sources */ = {isa = PBXBuildFile; fileRef = BFCB6C402082839C001EA00D /* FaceRecognition.xcdatamodeld */; };
		BFCB6C442082839C001EA00D /* Assets.xcassets in Resources */ = {isa = PBXBuildFile; fileRef = BFCB6C432082839C001EA00D /* Assets.xcassets */; };
		BFCB6C472082839C001EA00D /* LaunchScreen.storyboard in Resources */ = {isa = PBXBuildFile; fileRef = BFCB6C452082839C001EA00D /* LaunchScreen.storyboard */; };
/* End PBXBuildFile section */

/* Begin PBXFileReference section */
		BFCB6C362082839C001EA00D /* FaceRecognition.app */ = {isa = PBXFileReference; explicitFileType = wrapper.application; includeInIndex = 0; path = FaceRecognition.app; sourceTree = BUILT_PRODUCTS_DIR; };
		BFCB6C392082839C001EA00D /* AppDelegate.swift */ = {isa = PBXFileReference; lastKnownFileType = sourcecode.swift; path = AppDelegate.swift; sourceTree = "<group>"; };
		BFCB6C3B2082839C001EA00D /* ViewController.swift */ = {isa = PBXFileReference; lastKnownFileType = sourcecode.swift; path = ViewController.swift; sourceTree = "<group>"; };
		BFCB6C3E2082839C001EA00D /* Base */ = {isa = PBXFileReference; lastKnownFileType = file.storyboard; name = Base; path = Base.lproj/Main.storyboard; sourceTree = "<group>"; };
		BFCB6C412082839C001EA00D /* FaceRecognition.xcdatamodel */ = {isa = PBXFileReference; lastKnownFileType = wrapper.xcdatamodel; path = FaceRecognition.xcdatamodel; sourceTree = "<group>"; };
		BFCB6C432082839C001EA00D /* Assets.xcassets */ = {isa = PBXFileReference; lastKnownFileType = folder.assetcatalog; path = Assets.xcassets; sourceTree = "<group>"; };
		BFCB6C462082839C001EA00D /* Base */ = {isa = PBXFileReference; lastKnownFileType = file.storyboard; name = Base; path = Base.lproj/LaunchScreen.storyboard; sourceTree = "<group>"; };
		BFCB6C482082839C001EA00D /* Info.plist */ = {isa = PBXFileReference; lastKnownFileType = text.plist.xml; path = Info.plist; sourceTree = "<group>"; };
/* End PBXFileReference section */

/* Begin PBXFrameworksBuildPhase section */
		BFCB6C332082839C001EA00D /* Frameworks */ = {
			isa = PBXFrameworksBuildPhase;
			buildActionMask = 2147483647;
			files = (
			);
			runOnlyForDeploymentPostprocessing = 0;
		};
/* End PBXFrameworksBuildPhase section */

/* Begin PBXGroup section */
		BFCB6C2D2082839C001EA00D = {
			isa = PBXGroup;
			children = (
				BFCB6C382082839C001EA00D /* FaceRecognition */,
				BFCB6C372082839C001EA00D /* Products */,
			);
			sourceTree = "<group>";
		};
		BFCB6C372082839C001EA00D /* Products */ = {
			isa = PBXGroup;
			children = (
				BFCB6C362082839C001EA00D /* FaceRecognition.app */,
			);
			name = Products;
			sourceTree = "<group>";
		};
		BFCB6C382082839C001EA00D /* FaceRecognition */ = {
			isa = PBXGroup;
			children = (
				BFCB6C392082839C001EA00D /* AppDelegate.swift */,
				BFCB6C3B2082839C001EA00D /* ViewController.swift */,
				BFCB6C3D2082839C001EA00D /* Main.storyboard */,
				BFCB6C432082839C001EA00D /* Assets.xcassets */,
				BFCB6C452082839C001EA00D /* LaunchScreen.storyboard */,
				BFCB6C482082839C001EA00D /* Info.plist */,
				BFCB6C402082839C001EA00D /* FaceRecognition.xcdatamodeld */,
			);
			path = FaceRecognition;
			sourceTree = "<group>";
		};
/* End PBXGroup section */

/* Begin PBXNativeTarget section */
		BFCB6C352082839C001EA00D /* FaceRecognition */ = {
			isa = PBXNativeTarget;
			buildConfigurationList = BFCB6C4B2082839C001EA00D /* Build configuration list for PBXNativeTarget "FaceRecognition" */;
			buildPhases = (
				BFCB6C322082839C001EA00D /* Sources */,
				BFCB6C332082839C001EA00D /* Frameworks */,
				BFCB6C342082839C001EA00D /* Resources */,
			);
			buildRules = (
			);
			dependencies = (
			);
			name = FaceRecognition;
			productName = FaceRecognition;
			productReference = BFCB6C362082839C001EA00D /* FaceRecognition.app */;
			productType = "com.apple.product-type.application";
		};
/* End PBXNativeTarget section */

/* Begin PBXProject section */
		BFCB6C2E2082839C001EA00D /* Project object */ = {
			isa = PBXProject;
			attributes = {
				LastSwiftUpdateCheck = 0920;
				LastUpgradeCheck = 0920;
				ORGANIZATIONNAME = cagdas;
				TargetAttributes = {
					BFCB6C352082839C001EA00D = {
						CreatedOnToolsVersion = 9.2;
						ProvisioningStyle = Automatic;
					};
				};
			};
			buildConfigurationList = BFCB6C312082839C001EA00D /* Build configuration list for PBXProject "FaceRecognition" */;
			compatibilityVersion = "Xcode 8.0";
			developmentRegion = en;
			hasScannedForEncodings = 0;
			knownRegions = (
				en,
				Base,
			);
			mainGroup = BFCB6C2D2082839C001EA00D;
			productRefGroup = BFCB6C372082839C001EA00D /* Products */;
			projectDirPath = "";
			projectRoot = "";
			targets = (
				BFCB6C352082839C001EA00D /* FaceRecognition */,
			);
		};
/* End PBXProject section */

/* Begin PBXResourcesBuildPhase section */
		BFCB6C342082839C001EA00D /* Resources */ = {
			isa = PBXResourcesBuildPhase;
			buildActionMask = 2147483647;
			files = (
				BFCB6C472082839C001EA00D /* LaunchScreen.storyboard in Resources */,
				BFCB6C442082839C001EA00D /* Assets.xcassets in Resources */,
				BFCB6C3F2082839C001EA00D /* Main.storyboard in Resources */,
			);
			runOnlyForDeploymentPostprocessing = 0;
		};
/* End PBXResourcesBuildPhase section */

/* Begin PBXSourcesBuildPhase section */
		BFCB6C322082839C001EA00D /* Sources */ = {
			isa = PBXSourcesBuildPhase;
			buildActionMask = 2147483647;
			files = (
				BFCB6C3C2082839C001EA00D /* ViewController.swift in Sources */,
				BFCB6C422082839C001EA00D /* FaceRecognition.xcdatamodeld in Sources */,
				BFCB6C3A2082839C001EA00D /* AppDelegate.swift in Sources */,
			);
			runOnlyForDeploymentPostprocessing = 0;
		};
/* End PBXSourcesBuildPhase section */

/* Begin PBXVariantGroup section */
		BFCB6C3D2082839C001EA00D /* Main.storyboard */ = {
			isa = PBXVariantGroup;
			children = (
				BFCB6C3E2082839C001EA00D /* Base */,
			);
			name = Main.storyboard;
			sourceTree = "<group>";
		};
		BFCB6C452082839C001EA00D /* LaunchScreen.storyboard */ = {
			isa = PBXVariantGroup;
			children = (
				BFCB6C462082839C001EA00D /* Base */,
			);
			name = LaunchScreen.storyboard;
			sourceTree = "<group>";
		};
/* End PBXVariantGroup section */

/* Begin XCBuildConfiguration section */
		BFCB6C492082839C001EA00D /* Debug */ = {
			isa = XCBuildConfiguration;
			buildSettings = {
				ALWAYS_SEARCH_USER_PATHS = NO;
				CLANG_ANALYZER_NONNULL = YES;
				CLANG_ANALYZER_NUMBER_OBJECT_CONVERSION = YES_AGGRESSIVE;
				CLANG_CXX_LANGUAGE_STANDARD = "gnu++14";
				CLANG_CXX_LIBRARY = "libc++";
				CLANG_ENABLE_MODULES = YES;
				CLANG_ENABLE_OBJC_ARC = YES;
				CLANG_WARN_BLOCK_CAPTURE_AUTORELEASING = YES;
				CLANG_WARN_BOOL_CONVERSION = YES;
				CLANG_WARN_COMMA = YES;
				CLANG_WARN_CONSTANT_CONVERSION = YES;
				CLANG_WARN_DIRECT_OBJC_ISA_USAGE = YES_ERROR;
				CLANG_WARN_DOCUMENTATION_COMMENTS = YES;
				CLANG_WARN_EMPTY_BODY = YES;
				CLANG_WARN_ENUM_CONVERSION = YES;
				CLANG_WARN_INFINITE_RECURSION = YES;
				CLANG_WARN_INT_CONVERSION = YES;
				CLANG_WARN_NON_LITERAL_NULL_CONVERSION = YES;
				CLANG_WARN_OBJC_LITERAL_CONVERSION = YES;
				CLANG_WARN_OBJC_ROOT_CLASS = YES_ERROR;
				CLANG_WARN_RANGE_LOOP_ANALYSIS = YES;
				CLANG_WARN_STRICT_PROTOTYPES = YES;
				CLANG_WARN_SUSPICIOUS_MOVE = YES;
				CLANG_WARN_UNGUARDED_AVAILABILITY = YES_AGGRESSIVE;
				CLANG_WARN_UNREACHABLE_CODE = YES;
				CLANG_WARN__DUPLICATE_METHOD_MATCH = YES;
				CODE_SIGN_IDENTITY = "iPhone Developer";
				COPY_PHASE_STRIP = NO;
				DEBUG_INFORMATION_FORMAT = dwarf;
				ENABLE_STRICT_OBJC_MSGSEND = YES;
				ENABLE_TESTABILITY = YES;
				GCC_C_LANGUAGE_STANDARD = gnu11;
				GCC_DYNAMIC_NO_PIC = NO;
				GCC_NO_COMMON_BLOCKS = YES;
				GCC_OPTIMIZATION_LEVEL = 0;
				GCC_PREPROCESSOR_DEFINITIONS = (
					"DEBUG=1",
					"$(inherited)",
				);
				GCC_WARN_64_TO_32_BIT_CONVERSION = YES;
				GCC_WARN_ABOUT_RETURN_TYPE = YES_ERROR;
				GCC_WARN_UNDECLARED_SELECTOR = YES;
				GCC_WARN_UNINITIALIZED_AUTOS = YES_AGGRESSIVE;
				GCC_WARN_UNUSED_FUNCTION = YES;
				GCC_WARN_UNUSED_VARIABLE = YES;
				IPHONEOS_DEPLOYMENT_TARGET = 11.2;
				MTL_ENABLE_DEBUG_INFO = YES;
				ONLY_ACTIVE_ARCH = YES;
				SDKROOT = iphoneos;
				SWIFT_ACTIVE_COMPILATION_CONDITIONS = DEBUG;
				SWIFT_OPTIMIZATION_LEVEL = "-Onone";
			};
			name = Debug;
		};
		BFCB6C4A2082839C001EA00D /* Release */ = {
			isa = XCBuildConfiguration;
			buildSettings = {
				ALWAYS_SEARCH_USER_PATHS = NO;
				CLANG_ANALYZER_NONNULL = YES;
				CLANG_ANALYZER_NUMBER_OBJECT_CONVERSION = YES_AGGRESSIVE;
				CLANG_CXX_LANGUAGE_STANDARD = "gnu++14";
				CLANG_CXX_LIBRARY = "libc++";
				CLANG_ENABLE_MODULES = YES;
				CLANG_ENABLE_OBJC_ARC = YES;
				CLANG_WARN_BLOCK_CAPTURE_AUTORELEASING = YES;
				CLANG_WARN_BOOL_CONVERSION = YES;
				CLANG_WARN_COMMA = YES;
				CLANG_WARN_CONSTANT_CONVERSION = YES;
				CLANG_WARN_DIRECT_OBJC_ISA_USAGE = YES_ERROR;
				CLANG_WARN_DOCUMENTATION_COMMENTS = YES;
				CLANG_WARN_EMPTY_BODY = YES;
				CLANG_WARN_ENUM_CONVERSION = YES;
				CLANG_WARN_INFINITE_RECURSION = YES;
				CLANG_WARN_INT_CONVERSION = YES;
				CLANG_WARN_NON_LITERAL_NULL_CONVERSION = YES;
				CLANG_WARN_OBJC_LITERAL_CONVERSION = YES;
				CLANG_WARN_OBJC_ROOT_CLASS = YES_ERROR;
				CLANG_WARN_RANGE_LOOP_ANALYSIS = YES;
				CLANG_WARN_STRICT_PROTOTYPES = YES;
				CLANG_WARN_SUSPICIOUS_MOVE = YES;
				CLANG_WARN_UNGUARDED_AVAILABILITY = YES_AGGRESSIVE;
				CLANG_WARN_UNREACHABLE_CODE = YES;
				CLANG_WARN__DUPLICATE_METHOD_MATCH = YES;
				CODE_SIGN_IDENTITY = "iPhone Developer";
				COPY_PHASE_STRIP = NO;
				DEBUG_INFORMATION_FORMAT = "dwarf-with-dsym";
				ENABLE_NS_ASSERTIONS = NO;
				ENABLE_STRICT_OBJC_MSGSEND = YES;
				GCC_C_LANGUAGE_STANDARD = gnu11;
				GCC_NO_COMMON_BLOCKS = YES;
				GCC_WARN_64_TO_32_BIT_CONVERSION = YES;
				GCC_WARN_ABOUT_RETURN_TYPE = YES_ERROR;
				GCC_WARN_UNDECLARED_SELECTOR = YES;
				GCC_WARN_UNINITIALIZED_AUTOS = YES_AGGRESSIVE;
				GCC_WARN_UNUSED_FUNCTION = YES;
				GCC_WARN_UNUSED_VARIABLE = YES;
				IPHONEOS_DEPLOYMENT_TARGET = 11.2;
				MTL_ENABLE_DEBUG_INFO = NO;
				SDKROOT = iphoneos;
				SWIFT_OPTIMIZATION_LEVEL = "-Owholemodule";
				VALIDATE_PRODUCT = YES;
			};
			name = Release;
		};
		BFCB6C4C2082839C001EA00D /* Debug */ = {
			isa = XCBuildConfiguration;
			buildSettings = {
				ASSETCATALOG_COMPILER_APPICON_NAME = AppIcon;
				CODE_SIGN_STYLE = Automatic;
				DEVELOPMENT_TEAM = YBV5NARZ4A;
				INFOPLIST_FILE = FaceRecognition/Info.plist;
				IPHONEOS_DEPLOYMENT_TARGET = 11.0;
				LD_RUNPATH_SEARCH_PATHS = "$(inherited) @executable_path/Frameworks";
				PRODUCT_BUNDLE_IDENTIFIER = cagdas.eksi.FaceRecognition;
				PRODUCT_NAME = "$(TARGET_NAME)";
				SWIFT_VERSION = 4.0;
				TARGETED_DEVICE_FAMILY = "1,2";
			};
			name = Debug;
		};
		BFCB6C4D2082839C001EA00D /* Release */ = {
			isa = XCBuildConfiguration;
			buildSettings = {
				ASSETCATALOG_COMPILER_APPICON_NAME = AppIcon;
				CODE_SIGN_STYLE = Automatic;
				DEVELOPMENT_TEAM = YBV5NARZ4A;
				INFOPLIST_FILE = FaceRecognition/Info.plist;
				IPHONEOS_DEPLOYMENT_TARGET = 11.0;
				LD_RUNPATH_SEARCH_PATHS = "$(inherited) @executable_path/Frameworks";
				PRODUCT_BUNDLE_IDENTIFIER = cagdas.eksi.FaceRecognition;
				PRODUCT_NAME = "$(TARGET_NAME)";
				SWIFT_VERSION = 4.0;
				TARGETED_DEVICE_FAMILY = "1,2";
			};
			name = Release;
		};
/* End XCBuildConfiguration section */

/* Begin XCConfigurationList section */
		BFCB6C312082839C001EA00D /* Build configuration list for PBXProject "FaceRecognition" */ = {
			isa = XCConfigurationList;
			buildConfigurations = (
				BFCB6C492082839C001EA00D /* Debug */,
				BFCB6C4A2082839C001EA00D /* Release */,
			);
			defaultConfigurationIsVisible = 0;
			defaultConfigurationName = Release;
		};
		BFCB6C4B2082839C001EA00D /* Build configuration list for PBXNativeTarget "FaceRecognition" */ = {
			isa = XCConfigurationList;
			buildConfigurations = (
				BFCB6C4C2082839C001EA00D /* Debug */,
				BFCB6C4D2082839C001EA00D /* Release */,
			);
			defaultConfigurationIsVisible = 0;
			defaultConfigurationName = Release;
		};
/* End XCConfigurationList section */

/* Begin XCVersionGroup section */
		BFCB6C402082839C001EA00D /* FaceRecognition.xcdatamodeld */ = {
			isa = XCVersionGroup;
			children = (
				BFCB6C412082839C001EA00D /* FaceRecognition.xcdatamodel */,
			);
			currentVersion = BFCB6C412082839C001EA00D /* FaceRecognition.xcdatamodel */;
			path = FaceRecognition.xcdatamodeld;
			sourceTree = "<group>";
			versionGroupType = wrapper.xcdatamodel;
		};
/* End XCVersionGroup section */
	};
	rootObject = BFCB6C2E2082839C001EA00D /* Project object */;
}
